{
  "requires": true,
  "lockfileVersion": 1,
  "dependencies": {
    "@babel/runtime": {
      "version": "7.14.6",
      "resolved": "https://registry.npmjs.org/@babel/runtime/-/runtime-7.14.6.tgz",
      "integrity": "sha512-/PCB2uJ7oM44tz8YhC4Z/6PeOKXp4K588f+5M3clr1M4zbqztlo0XEfJ2LEzj/FgwfgGcIdl8n7YYjTCI0BYwg==",
      "requires": {
        "regenerator-runtime": "^0.13.4"
      }
    },
    "@formatjs/ecma402-abstract": {
      "version": "1.9.4",
      "resolved": "https://registry.npmjs.org/@formatjs/ecma402-abstract/-/ecma402-abstract-1.9.4.tgz",
      "integrity": "sha512-ePJXI7tWC9PBxQxS7jtbkCLGVmpC8MH8n9Yjmg8dsh9wXK9svu7nAbq76Oiu5Zb+5GVkLkeTVerlSvHCbNImlA==",
      "requires": {
        "tslib": "^2.1.0"
      }
    },
    "@formatjs/fast-memoize": {
      "version": "1.1.1",
      "resolved": "https://registry.npmjs.org/@formatjs/fast-memoize/-/fast-memoize-1.1.1.tgz",
      "integrity": "sha512-mIqBr5uigIlx13eZTOPSEh2buDiy3BCdMYUtewICREQjbb4xarDiVWoXSnrERM7NanZ+0TAHNXSqDe6HpEFQUg=="
    },
    "@formatjs/icu-messageformat-parser": {
      "version": "2.0.7",
      "resolved": "https://registry.npmjs.org/@formatjs/icu-messageformat-parser/-/icu-messageformat-parser-2.0.7.tgz",
      "integrity": "sha512-gduYfh/YdBTmb1XzLueNaofiGZVMrkaDg0RSa0GNztKWs4QXIRS+28cjcuWNpV0q5S8aiLMkP7SHQpZKnPCHLw==",
      "requires": {
        "@formatjs/ecma402-abstract": "1.9.4",
        "@formatjs/icu-skeleton-parser": "1.2.8",
        "tslib": "^2.1.0"
      }
    },
    "@formatjs/icu-skeleton-parser": {
      "version": "1.2.8",
      "resolved": "https://registry.npmjs.org/@formatjs/icu-skeleton-parser/-/icu-skeleton-parser-1.2.8.tgz",
      "integrity": "sha512-KLSSAA7Q2Uv7msij8saaOE5rpsHK/2WkfS3737JnDyVTFOYe8l2OarIBUoTC5gi1BnCgiN/1icZlqXwyUX6obA==",
      "requires": {
        "@formatjs/ecma402-abstract": "1.9.4",
        "tslib": "^2.1.0"
      }
    },
    "@formatjs/intl": {
      "version": "1.13.2",
      "resolved": "https://registry.npmjs.org/@formatjs/intl/-/intl-1.13.2.tgz",
      "integrity": "sha512-aonTXXaI/Guqr4t87m/XWfmgE9aPefDTLRnCwadxBDkUHw1/HQeUV+lp/3BgiPZfemIdBq9UgdigDCwrpEwrTA==",
      "requires": {
        "@formatjs/ecma402-abstract": "1.9.4",
        "@formatjs/fast-memoize": "1.1.1",
        "@formatjs/icu-messageformat-parser": "2.0.7",
        "@formatjs/intl-displaynames": "5.1.6",
        "@formatjs/intl-listformat": "6.2.6",
        "intl-messageformat": "9.7.1",
        "tslib": "^2.1.0"
      }
    },
    "@formatjs/intl-displaynames": {
      "version": "5.1.6",
      "resolved": "https://registry.npmjs.org/@formatjs/intl-displaynames/-/intl-displaynames-5.1.6.tgz",
      "integrity": "sha512-s0eDyQFM2gQIPgn+MyaH+UcCvp6ui2ft9UW1gsIkjBkaprRlzKMd3fjxcUFO/I7oyXXA6FYR4qHR8u1I0+PvXA==",
      "requires": {
        "@formatjs/ecma402-abstract": "1.9.4",
        "tslib": "^2.1.0"
      }
    },
    "@formatjs/intl-listformat": {
      "version": "6.2.6",
      "resolved": "https://registry.npmjs.org/@formatjs/intl-listformat/-/intl-listformat-6.2.6.tgz",
      "integrity": "sha512-6FMdQY1+QKqJW5IhsVPFuEaR/uRiBKP+Y1oDvamZKzDfJ2vQmk9jqSF51VztlZH8XSfdO0IgvBzeRPHahKChQA==",
      "requires": {
        "@formatjs/ecma402-abstract": "1.9.4",
        "tslib": "^2.1.0"
      }
    },
    "@types/hoist-non-react-statics": {
      "version": "3.3.1",
      "resolved": "https://registry.npmjs.org/@types/hoist-non-react-statics/-/hoist-non-react-statics-3.3.1.tgz",
      "integrity": "sha512-iMIqiko6ooLrTh1joXodJK5X9xeEALT1kM5G3ZLhD3hszxBdIEd5C75U834D9mLcINgD4OyZf5uQXjkuYydWvA==",
      "requires": {
        "@types/react": "*",
        "hoist-non-react-statics": "^3.3.0"
      }
    },
    "@types/prop-types": {
      "version": "15.7.4",
      "resolved": "https://registry.npmjs.org/@types/prop-types/-/prop-types-15.7.4.tgz",
      "integrity": "sha512-rZ5drC/jWjrArrS8BR6SIr4cWpW09RNTYt9AMZo3Jwwif+iacXAqgVjm0B0Bv/S1jhDXKHqRVNCbACkJ89RAnQ=="
    },
    "@types/react": {
      "version": "17.0.14",
      "resolved": "https://registry.npmjs.org/@types/react/-/react-17.0.14.tgz",
      "integrity": "sha512-0WwKHUbWuQWOce61UexYuWTGuGY/8JvtUe/dtQ6lR4sZ3UiylHotJeWpf3ArP9+DSGUoLY3wbU59VyMrJps5VQ==",
      "requires": {
        "@types/prop-types": "*",
        "@types/scheduler": "*",
        "csstype": "^3.0.2"
      }
    },
    "@types/scheduler": {
      "version": "0.16.2",
      "resolved": "https://registry.npmjs.org/@types/scheduler/-/scheduler-0.16.2.tgz",
      "integrity": "sha512-hppQEBDmlwhFAXKJX2KnWLYu5yMfi91yazPb2l+lbJiwW+wdo1gNeRA+3RgNSO39WYX2euey41KEwnqesU2Jew=="
    },
    "bootstrap": {
      "version": "5.0.2",
      "resolved": "https://registry.npmjs.org/bootstrap/-/bootstrap-5.0.2.tgz",
      "integrity": "sha512-1Ge963tyEQWJJ+8qtXFU6wgmAVj9gweEjibUdbmcCEYsn38tVwRk8107rk2vzt6cfQcRr3SlZ8aQBqaD8aqf+Q=="
    },
    "csstype": {
      "version": "3.0.8",
      "resolved": "https://registry.npmjs.org/csstype/-/csstype-3.0.8.tgz",
      "integrity": "sha512-jXKhWqXPmlUeoQnF/EhTtTl4C9SnrxSH/jZUih3jmO6lBKr99rP3/+FmrMj4EFpOXzMtXHAZkd3x0E6h6Fgflw=="
    },
    "fragment": {
      "version": "0.3.0",
      "resolved": "https://registry.npmjs.org/fragment/-/fragment-0.3.0.tgz",
      "integrity": "sha1-1AEIUU9YgjgWOZrFmY5mdtrsDAw="
    },
    "history": {
      "version": "4.10.1",
      "resolved": "https://registry.npmjs.org/history/-/history-4.10.1.tgz",
      "integrity": "sha512-36nwAD620w12kuzPAsyINPWJqlNbij+hpK1k9XRloDtym8mxzGYl2c17LnV6IAGB2Dmg4tEa7G7DlawS0+qjew==",
      "requires": {
        "@babel/runtime": "^7.1.2",
        "loose-envify": "^1.2.0",
        "resolve-pathname": "^3.0.0",
        "tiny-invariant": "^1.0.2",
        "tiny-warning": "^1.0.0",
        "value-equal": "^1.0.1"
      }
    },
    "hoist-non-react-statics": {
      "version": "3.3.2",
      "resolved": "https://registry.npmjs.org/hoist-non-react-statics/-/hoist-non-react-statics-3.3.2.tgz",
      "integrity": "sha512-/gGivxi8JPKWNm/W0jSmzcMPpfpPLc3dY/6GxhX2hQ9iGj3aDfklV4ET7NjKpSinLpJ5vafa9iiGIEZg10SfBw==",
      "requires": {
        "react-is": "^16.7.0"
      }
    },
    "html-parse-stringify": {
      "version": "3.0.1",
      "resolved": "https://registry.npmjs.org/html-parse-stringify/-/html-parse-stringify-3.0.1.tgz",
      "integrity": "sha512-KknJ50kTInJ7qIScF3jeaFRpMpE8/lfiTdzf/twXyPBLAGrLRTmkz3AdTnKeh40X8k9L2fdYwEp/42WGXIRGcg==",
      "requires": {
        "void-elements": "3.1.0"
      }
    },
    "i18next": {
      "version": "20.3.3",
      "resolved": "https://registry.npmjs.org/i18next/-/i18next-20.3.3.tgz",
      "integrity": "sha512-tx9EUhHeaipvZ5pFLTaN9Xdm5Ssal774MpujaTA1Wv/ST/1My5SnoBmliY1lOpyEP5Z51Dq1gXifk/y4Yt3agQ==",
      "requires": {
        "@babel/runtime": "^7.12.0"
      }
    },
    "i18next-browser-languagedetector": {
      "version": "6.1.2",
      "resolved": "https://registry.npmjs.org/i18next-browser-languagedetector/-/i18next-browser-languagedetector-6.1.2.tgz",
      "integrity": "sha512-YDzIGHhMRvr7M+c8B3EQUKyiMBhfqox4o1qkFvt4QXuu5V2cxf74+NCr+VEkUuU0y+RwcupA238eeolW1Yn80g==",
      "requires": {
        "@babel/runtime": "^7.14.6"
      }
    },
    "intl-messageformat": {
      "version": "9.7.1",
      "resolved": "https://registry.npmjs.org/intl-messageformat/-/intl-messageformat-9.7.1.tgz",
      "integrity": "sha512-DNiuD+/59G9qaYu3U0KgwCV0zpN9XRoUvc8izSNCNAA5MknhiIUONFE0WtScP+E/7JfoENu+CX57P/SURRbI0A==",
      "requires": {
        "@formatjs/fast-memoize": "1.1.1",
        "@formatjs/icu-messageformat-parser": "2.0.7",
        "tslib": "^2.1.0"
      }
    },
    "isarray": {
      "version": "0.0.1",
      "resolved": "https://registry.npmjs.org/isarray/-/isarray-0.0.1.tgz",
      "integrity": "sha1-ihis/Kmo9Bd+Cav8YDiTmwXR7t8="
    },
    "js-tokens": {
      "version": "4.0.0",
      "resolved": "https://registry.npmjs.org/js-tokens/-/js-tokens-4.0.0.tgz",
      "integrity": "sha512-RdJUflcE3cUzKiMqQgsCu06FPu9UdIJO0beYbPhHN4k6apgJtifcoCtT9bcxOpYBtpD2kCM6Sbzg4CausW/PKQ=="
    },
    "loose-envify": {
      "version": "1.4.0",
      "resolved": "https://registry.npmjs.org/loose-envify/-/loose-envify-1.4.0.tgz",
      "integrity": "sha512-lyuxPGr/Wfhrlem2CL/UcnUc1zcqKAImBDzukY7Y5F/yQiNdko6+fRLevlw1HgMySw7f611UIY408EtxRSoK3Q==",
      "requires": {
        "js-tokens": "^3.0.0 || ^4.0.0"
      }
    },
    "mini-create-react-context": {
      "version": "0.4.1",
      "resolved": "https://registry.npmjs.org/mini-create-react-context/-/mini-create-react-context-0.4.1.tgz",
      "integrity": "sha512-YWCYEmd5CQeHGSAKrYvXgmzzkrvssZcuuQDDeqkT+PziKGMgE+0MCCtcKbROzocGBG1meBLl2FotlRwf4gAzbQ==",
      "requires": {
        "@babel/runtime": "^7.12.1",
        "tiny-warning": "^1.0.3"
      }
    },
    "object-assign": {
      "version": "4.1.1",
      "resolved": "https://registry.npmjs.org/object-assign/-/object-assign-4.1.1.tgz",
      "integrity": "sha1-IQmtx5ZYh8/AXLvUQsrIv7s2CGM="
    },
    "path-to-regexp": {
      "version": "1.8.0",
      "resolved": "https://registry.npmjs.org/path-to-regexp/-/path-to-regexp-1.8.0.tgz",
      "integrity": "sha512-n43JRhlUKUAlibEJhPeir1ncUID16QnEjNpwzNdO3Lm4ywrBpBZ5oLD0I6br9evr1Y9JTqwRtAh7JLoOzAQdVA==",
      "requires": {
        "isarray": "0.0.1"
      }
    },
    "prop-types": {
      "version": "15.7.2",
      "resolved": "https://registry.npmjs.org/prop-types/-/prop-types-15.7.2.tgz",
      "integrity": "sha512-8QQikdH7//R2vurIJSutZ1smHYTcLpRWEOlHnzcWHmBYrOGUysKwSsrC89BCiFj3CbrfJ/nXFdJepOVrY1GCHQ==",
      "requires": {
        "loose-envify": "^1.4.0",
        "object-assign": "^4.1.1",
        "react-is": "^16.8.1"
      }
    },
    "react-i18next": {
      "version": "11.11.3",
      "resolved": "https://registry.npmjs.org/react-i18next/-/react-i18next-11.11.3.tgz",
      "integrity": "sha512-upzG5/SpyOlYP5oSF4K8TZBvDWVhnCo38JNV+KnWjrg0+IaJCBltyh6lRGZDO5ovLyA4dU6Ip0bwbUCjb6Yyxw==",
      "requires": {
        "@babel/runtime": "^7.14.5",
        "html-parse-stringify": "^3.0.1"
      }
    },
    "react-intl": {
      "version": "5.20.4",
      "resolved": "https://registry.npmjs.org/react-intl/-/react-intl-5.20.4.tgz",
      "integrity": "sha512-lYUL8hWkRHbpVtedGSjpQ1kK/x2AAGZHGgOHsU0SFDufHo2aS7xdvRcaxXD3PMVDuh53KcU+vTaun+bcrwKpbA==",
      "requires": {
        "@formatjs/ecma402-abstract": "1.9.4",
        "@formatjs/icu-messageformat-parser": "2.0.7",
        "@formatjs/intl": "1.13.2",
        "@formatjs/intl-displaynames": "5.1.6",
        "@formatjs/intl-listformat": "6.2.6",
        "@types/hoist-non-react-statics": "^3.3.1",
        "hoist-non-react-statics": "^3.3.2",
        "intl-messageformat": "9.7.1",
        "tslib": "^2.1.0"
      }
    },
    "react-is": {
      "version": "16.13.1",
      "resolved": "https://registry.npmjs.org/react-is/-/react-is-16.13.1.tgz",
      "integrity": "sha512-24e6ynE2H+OKt4kqsOvNd8kBpV65zoxbA4BVsEOB3ARVWQki/DHzaUoC5KuON/BiccDaCCTZBuOcfZs70kR8bQ=="
    },
    "react-router": {
      "version": "5.2.0",
      "resolved": "https://registry.npmjs.org/react-router/-/react-router-5.2.0.tgz",
      "integrity": "sha512-smz1DUuFHRKdcJC0jobGo8cVbhO3x50tCL4icacOlcwDOEQPq4TMqwx3sY1TP+DvtTgz4nm3thuo7A+BK2U0Dw==",
      "requires": {
        "@babel/runtime": "^7.1.2",
        "history": "^4.9.0",
        "hoist-non-react-statics": "^3.1.0",
        "loose-envify": "^1.3.1",
        "mini-create-react-context": "^0.4.0",
        "path-to-regexp": "^1.7.0",
        "prop-types": "^15.6.2",
        "react-is": "^16.6.0",
        "tiny-invariant": "^1.0.2",
        "tiny-warning": "^1.0.0"
      }
    },
    "react-router-dom": {
      "version": "5.2.0",
      "resolved": "https://registry.npmjs.org/react-router-dom/-/react-router-dom-5.2.0.tgz",
      "integrity": "sha512-gxAmfylo2QUjcwxI63RhQ5G85Qqt4voZpUXSEqCwykV0baaOTQDR1f0PmY8AELqIyVc0NEZUj0Gov5lNGcXgsA==",
      "requires": {
        "@babel/runtime": "^7.1.2",
        "history": "^4.9.0",
        "loose-envify": "^1.3.1",
        "prop-types": "^15.6.2",
        "react-router": "5.2.0",
        "tiny-invariant": "^1.0.2",
        "tiny-warning": "^1.0.0"
      }
    },
    "regenerator-runtime": {
      "version": "0.13.7",
      "resolved": "https://registry.npmjs.org/regenerator-runtime/-/regenerator-runtime-0.13.7.tgz",
      "integrity": "sha512-a54FxoJDIr27pgf7IgeQGxmqUNYrcV338lf/6gH456HZ/PhX+5BcwHXG9ajESmwe6WRO0tAzRUrRmNONWgkrew=="
    },
    "resolve-pathname": {
      "version": "3.0.0",
      "resolved": "https://registry.npmjs.org/resolve-pathname/-/resolve-pathname-3.0.0.tgz",
      "integrity": "sha512-C7rARubxI8bXFNB/hqcp/4iUeIXJhJZvFPFPiSPRnhU5UPxzMFIl+2E6yY6c4k9giDJAhtV+enfA+G89N6Csng=="
    },
    "tiny-invariant": {
      "version": "1.1.0",
      "resolved": "https://registry.npmjs.org/tiny-invariant/-/tiny-invariant-1.1.0.tgz",
      "integrity": "sha512-ytxQvrb1cPc9WBEI/HSeYYoGD0kWnGEOR8RY6KomWLBVhqz0RgTwVO9dLrGz7dC+nN9llyI7OKAgRq8Vq4ZBSw=="
    },
    "tiny-warning": {
      "version": "1.0.3",
      "resolved": "https://registry.npmjs.org/tiny-warning/-/tiny-warning-1.0.3.tgz",
      "integrity": "sha512-lBN9zLN/oAf68o3zNXYrdCt1kP8WsiGW8Oo2ka41b2IM5JL/S1CTyX1rW0mb/zSuJun0ZUrDxx4sqvYS2FWzPA=="
    },
    "tslib": {
      "version": "2.3.0",
      "resolved": "https://registry.npmjs.org/tslib/-/tslib-2.3.0.tgz",
      "integrity": "sha512-N82ooyxVNm6h1riLCoyS9e3fuJ3AMG2zIZs2Gd1ATcSFjSA23Q0fzjjZeh0jbJvWVDZ0cJT8yaNNaaXHzueNjg=="
    },
    "value-equal": {
      "version": "1.0.1",
      "resolved": "https://registry.npmjs.org/value-equal/-/value-equal-1.0.1.tgz",
      "integrity": "sha512-NOJ6JZCAWr0zlxZt+xqCHNTEKOsrks2HQd4MqhP1qy4z1SkbEP467eNx6TgDKXMvUOb+OENfJCZwM+16n7fRfw=="
    },
    "void-elements": {
      "version": "3.1.0",
      "resolved": "https://registry.npmjs.org/void-elements/-/void-elements-3.1.0.tgz",
      "integrity": "sha1-YU9/v42AHwu18GYfWy9XhXUOTwk="
    }
  }
}
